
Microsoft Visual Studio Solution File, Format Version 12.00
# Visual Studio Version 17
VisualStudioVersion = 17.13.35818.85 d17.13
MinimumVisualStudioVersion = 10.0.40219.1
Project("{FAE04EC0-301F-11D3-BF4B-00C04F79EFBC}") = "zadacha14", "zadacha14.csproj", "{33C6EC67-E655-40B2-ACD6-10532087D296}"
EndProject
Global
	GlobalSection(SolutionConfigurationPlatforms) = preSolution
		Debug|Any CPU = Debug|Any CPU
		Release|Any CPU = Release|Any CPU
	EndGlobalSection
	GlobalSection(ProjectConfigurationPlatforms) = postSolution
		{33C6EC67-E655-40B2-ACD6-10532087D296}.Debug|Any CPU.ActiveCfg = Debug|Any CPU
		{33C6EC67-E655-40B2-ACD6-10532087D296}.Debug|Any CPU.Build.0 = Debug|Any CPU
		{33C6EC67-E655-40B2-ACD6-10532087D296}.Release|Any CPU.ActiveCfg = Release|Any CPU
		{33C6EC67-E655-40B2-ACD6-10532087D296}.Release|Any CPU.Build.0 = Release|Any CPU
	EndGlobalSection
	GlobalSection(SolutionProperties) = preSolution
		HideSolutionNode = FALSE
	EndGlobalSection
	GlobalSection(ExtensibilityGlobals) = postSolution
		SolutionGuid = {B2C88314-0BB4-4BF6-93E3-CFA801C7CAF6}
	EndGlobalSection
EndGlobal
